
Microsoft Visual Studio Solution File, Format Version 12.00
# Visual Studio Version 17
VisualStudioVersion = 17.7.34024.191
MinimumVisualStudioVersion = 10.0.40219.1
Project("{FAE04EC0-301F-11D3-BF4B-00C04F79EFBC}") = "EntityDBFirstMVCProject", "EntityDBFirstMVCProject\EntityDBFirstMVCProject.csproj", "{FBB3A5EA-3A01-4DCC-BA83-DCDE244695CE}"
EndProject
Global
	GlobalSection(SolutionConfigurationPlatforms) = preSolution
		Debug|Any CPU = Debug|Any CPU
		Release|Any CPU = Release|Any CPU
	EndGlobalSection
	GlobalSection(ProjectConfigurationPlatforms) = postSolution
		{FBB3A5EA-3A01-4DCC-BA83-DCDE244695CE}.Debug|Any CPU.ActiveCfg = Debug|Any CPU
		{FBB3A5EA-3A01-4DCC-BA83-DCDE244695CE}.Debug|Any CPU.Build.0 = Debug|Any CPU
		{FBB3A5EA-3A01-4DCC-BA83-DCDE244695CE}.Release|Any CPU.ActiveCfg = Release|Any CPU
		{FBB3A5EA-3A01-4DCC-BA83-DCDE244695CE}.Release|Any CPU.Build.0 = Release|Any CPU
	EndGlobalSection
	GlobalSection(SolutionProperties) = preSolution
		HideSolutionNode = FALSE
	EndGlobalSection
	GlobalSection(ExtensibilityGlobals) = postSolution
		SolutionGuid = {B1E068FC-DBBD-4540-82EA-0537636EDC50}
	EndGlobalSection
EndGlobal
